
Microsoft Visual Studio Solution File, Format Version 12.00
# Visual Studio Version 16
VisualStudioVersion = 16.0.30907.101
MinimumVisualStudioVersion = 10.0.40219.1
Project("{FAE04EC0-301F-11D3-BF4B-00C04F79EFBC}") = "switchcase", "switchcase\switchcase.csproj", "{496A553E-9E77-4823-8058-015FAE73FD5D}"
EndProject
Global
	GlobalSection(SolutionConfigurationPlatforms) = preSolution
		Debug|Any CPU = Debug|Any CPU
		Release|Any CPU = Release|Any CPU
	EndGlobalSection
	GlobalSection(ProjectConfigurationPlatforms) = postSolution
		{496A553E-9E77-4823-8058-015FAE73FD5D}.Debug|Any CPU.ActiveCfg = Debug|Any CPU
		{496A553E-9E77-4823-8058-015FAE73FD5D}.Debug|Any CPU.Build.0 = Debug|Any CPU
		{496A553E-9E77-4823-8058-015FAE73FD5D}.Release|Any CPU.ActiveCfg = Release|Any CPU
		{496A553E-9E77-4823-8058-015FAE73FD5D}.Release|Any CPU.Build.0 = Release|Any CPU
	EndGlobalSection
	GlobalSection(SolutionProperties) = preSolution
		HideSolutionNode = FALSE
	EndGlobalSection
	GlobalSection(ExtensibilityGlobals) = postSolution
		SolutionGuid = {B36067DA-523D-4E8F-9198-CC458C53B78B}
	EndGlobalSection
EndGlobal
